
Microsoft Visual Studio Solution File, Format Version 12.00
# Visual Studio Version 17
VisualStudioVersion = 17.1.32319.34
MinimumVisualStudioVersion = 10.0.40219.1
Project("{8BC9CEB8-8B4A-11D0-8D11-00A0C91BC942}") = "Tek Yonlu dogrusal listeler ile ogrenci uygulmasi", "Tek Yonlu dogrusal listeler ile ogrenci uygulmasi\Tek Yonlu dogrusal listeler ile ogrenci uygulmasi.vcxproj", "{6C77C840-4649-4948-AEF3-73959CCB67C7}"
EndProject
Project("{8BC9CEB8-8B4A-11D0-8D11-00A0C91BC942}") = "Tek yonlu dogrusal liste calismalari", "Tek yonlu dogrusal liste calismalar\Tek yonlu dogrusal liste calismalar.vcxproj", "{E364EDE5-03C8-4496-B61E-37DE9BD0A799}"
EndProject
Global
	GlobalSection(SolutionConfigurationPlatforms) = preSolution
		Debug|x64 = Debug|x64
		Debug|x86 = Debug|x86
		Release|x64 = Release|x64
		Release|x86 = Release|x86
	EndGlobalSection
	GlobalSection(ProjectConfigurationPlatforms) = postSolution
		{6C77C840-4649-4948-AEF3-73959CCB67C7}.Debug|x64.ActiveCfg = Debug|x64
		{6C77C840-4649-4948-AEF3-73959CCB67C7}.Debug|x64.Build.0 = Debug|x64
		{6C77C840-4649-4948-AEF3-73959CCB67C7}.Debug|x86.ActiveCfg = Debug|Win32
		{6C77C840-4649-4948-AEF3-73959CCB67C7}.Debug|x86.Build.0 = Debug|Win32
		{6C77C840-4649-4948-AEF3-73959CCB67C7}.Release|x64.ActiveCfg = Release|x64
		{6C77C840-4649-4948-AEF3-73959CCB67C7}.Release|x64.Build.0 = Release|x64
		{6C77C840-4649-4948-AEF3-73959CCB67C7}.Release|x86.ActiveCfg = Release|Win32
		{6C77C840-4649-4948-AEF3-73959CCB67C7}.Release|x86.Build.0 = Release|Win32
		{E364EDE5-03C8-4496-B61E-37DE9BD0A799}.Debug|x64.ActiveCfg = Debug|x64
		{E364EDE5-03C8-4496-B61E-37DE9BD0A799}.Debug|x64.Build.0 = Debug|x64
		{E364EDE5-03C8-4496-B61E-37DE9BD0A799}.Debug|x86.ActiveCfg = Debug|Win32
		{E364EDE5-03C8-4496-B61E-37DE9BD0A799}.Debug|x86.Build.0 = Debug|Win32
		{E364EDE5-03C8-4496-B61E-37DE9BD0A799}.Release|x64.ActiveCfg = Release|x64
		{E364EDE5-03C8-4496-B61E-37DE9BD0A799}.Release|x64.Build.0 = Release|x64
		{E364EDE5-03C8-4496-B61E-37DE9BD0A799}.Release|x86.ActiveCfg = Release|Win32
		{E364EDE5-03C8-4496-B61E-37DE9BD0A799}.Release|x86.Build.0 = Release|Win32
	EndGlobalSection
	GlobalSection(SolutionProperties) = preSolution
		HideSolutionNode = FALSE
	EndGlobalSection
	GlobalSection(ExtensibilityGlobals) = postSolution
		SolutionGuid = {3D2796A9-07FC-4C56-85EE-830AE1E5C32C}
	EndGlobalSection
EndGlobal
